// !$*UTF8*$!
{
	archiveVersion = 1;
	classes = {
	};
	objectVersion = 55;
	objects = {

/* Begin PBXBuildFile section */
		4E639E752DF866860034E362 /* HouseModel.swift in Sources */ = {isa = PBXBuildFile; fileRef = 4E639E742DF866860034E362 /* HouseModel.swift */; };
		4E639E832DF867DB0034E362 /* TaskModel.swift in Sources */ = {isa = PBXBuildFile; fileRef = 4E639E822DF867DB0034E362 /* TaskModel.swift */; };
		4E639E852DF867EC0034E362 /* FinanceModel.swift in Sources */ = {isa = PBXBuildFile; fileRef = 4E639E842DF867EC0034E362 /* FinanceModel.swift */; };
		4E639E872DF867F90034E362 /* UserModel.swift in Sources */ = {isa = PBXBuildFile; fileRef = 4E639E862DF867F90034E362 /* UserModel.swift */; };
		4E639E892DF868190034E362 /* MuralComunicationModal.swift in Sources */ = {isa = PBXBuildFile; fileRef = 4E639E882DF868190034E362 /* MuralComunicationModal.swift */; };
		4E639E8B2DF8749F0034E362 /* .gitignore in Resources */ = {isa = PBXBuildFile; fileRef = 4E639E8A2DF8749F0034E362 /* .gitignore */; };
		E75ECE0B2DF088E100E1A579 /* ifishApp.swift in Sources */ = {isa = PBXBuildFile; fileRef = E75ECE0A2DF088E100E1A579 /* ifishApp.swift */; };
		E75ECE0D2DF088E100E1A579 /* ContentView.swift in Sources */ = {isa = PBXBuildFile; fileRef = E75ECE0C2DF088E100E1A579 /* ContentView.swift */; };
		E75ECE0F2DF088EB00E1A579 /* Assets.xcassets in Resources */ = {isa = PBXBuildFile; fileRef = E75ECE0E2DF088EB00E1A579 /* Assets.xcassets */; };
		E75ECE1C2DF088EB00E1A579 /* ifishTests.swift in Sources */ = {isa = PBXBuildFile; fileRef = E75ECE1B2DF088EB00E1A579 /* ifishTests.swift */; };
		E75ECE262DF088EB00E1A579 /* ifishUITests.swift in Sources */ = {isa = PBXBuildFile; fileRef = E75ECE252DF088EB00E1A579 /* ifishUITests.swift */; };
		E75ECE282DF088EC00E1A579 /* ifishUITestsLaunchTests.swift in Sources */ = {isa = PBXBuildFile; fileRef = E75ECE272DF088EC00E1A579 /* ifishUITestsLaunchTests.swift */; };
		E75ECE372DF08D5900E1A579 /* CloudKit.framework in Frameworks */ = {isa = PBXBuildFile; fileRef = E75ECE362DF08D5900E1A579 /* CloudKit.framework */; };
		E75ECE472E00461800E1A579 /* HouseProfileViewModel.swift in Sources */ = {isa = PBXBuildFile; fileRef = E75ECE462E00461800E1A579 /* HouseProfileViewModel.swift */; };
		E75ECE492E004D6200E1A579 /* LoginView.swift in Sources */ = {isa = PBXBuildFile; fileRef = E75ECE482E004D6200E1A579 /* LoginView.swift */; };
		E75ECE4B2E004D9B00E1A579 /* EntrarOuCriarCasaView.swift in Sources */ = {isa = PBXBuildFile; fileRef = E75ECE4A2E004D9B00E1A579 /* EntrarOuCriarCasaView.swift */; };
		E75ECE4D2E004DB900E1A579 /* CriarCasaView.swift in Sources */ = {isa = PBXBuildFile; fileRef = E75ECE4C2E004DB900E1A579 /* CriarCasaView.swift */; };
		E75ECE4F2E004DDF00E1A579 /* CasaCriadaView.swift in Sources */ = {isa = PBXBuildFile; fileRef = E75ECE4E2E004DDF00E1A579 /* CasaCriadaView.swift */; };
		E75ECE512E004E0C00E1A579 /* EntrarCasaView.swift in Sources */ = {isa = PBXBuildFile; fileRef = E75ECE502E004E0C00E1A579 /* EntrarCasaView.swift */; };
		E75ECE592E00616800E1A579 /* MuralViewModel.swift in Sources */ = {isa = PBXBuildFile; fileRef = E75ECE582E00616800E1A579 /* MuralViewModel.swift */; };
		E75ECE5C2E0061AC00E1A579 /* TasksViewModel.swift in Sources */ = {isa = PBXBuildFile; fileRef = E75ECE5B2E0061AC00E1A579 /* TasksViewModel.swift */; };
		E75ECE5F2E0061C300E1A579 /* FinancesViewModel.swift in Sources */ = {isa = PBXBuildFile; fileRef = E75ECE5E2E0061C300E1A579 /* FinancesViewModel.swift */; };
		E75ECE622E0061F700E1A579 /* UserViewModel.swift in Sources */ = {isa = PBXBuildFile; fileRef = E75ECE612E0061F700E1A579 /* UserViewModel.swift */; };
		E75ECE672E00629600E1A579 /* FinancesView.swift in Sources */ = {isa = PBXBuildFile; fileRef = E75ECE662E00629600E1A579 /* FinancesView.swift */; };
		E75ECE6A2E0062B000E1A579 /* MuralView.swift in Sources */ = {isa = PBXBuildFile; fileRef = E75ECE692E0062B000E1A579 /* MuralView.swift */; };
		E75ECE6D2E0062C300E1A579 /* TasksView.swift in Sources */ = {isa = PBXBuildFile; fileRef = E75ECE6C2E0062C300E1A579 /* TasksView.swift */; };
		E75ECE6E2E018A9A00E1A579 /* Preview Assets.xcassets in Resources */ = {isa = PBXBuildFile; fileRef = E75ECE112DF088EB00E1A579 /* Preview Assets.xcassets */; };
		E8F31F702E01AEEC009913A9 /* PerfilView.swift in Sources */ = {isa = PBXBuildFile; fileRef = E8F31F6F2E01AEEC009913A9 /* PerfilView.swift */; };
		E75ECE702E0192E900E1A579 /* Extensions.swift in Sources */ = {isa = PBXBuildFile; fileRef = E75ECE6F2E0192E900E1A579 /* Extensions.swift */; };
		E75ECE722E01972A00E1A579 /* MainAppView.swift in Sources */ = {isa = PBXBuildFile; fileRef = E75ECE712E01972A00E1A579 /* MainAppView.swift */; };
		E75ECE742E01A8FF00E1A579 /* AppStartView.swift in Sources */ = {isa = PBXBuildFile; fileRef = E75ECE732E01A8FF00E1A579 /* AppStartView.swift */; };
/* End PBXBuildFile section */

/* Begin PBXContainerItemProxy section */
		E75ECE182DF088EB00E1A579 /* PBXContainerItemProxy */ = {
			isa = PBXContainerItemProxy;
			containerPortal = E75ECDFF2DF088E100E1A579 /* Project object */;
			proxyType = 1;
			remoteGlobalIDString = E75ECE062DF088E100E1A579;
			remoteInfo = ifish;
		};
		E75ECE222DF088EB00E1A579 /* PBXContainerItemProxy */ = {
			isa = PBXContainerItemProxy;
			containerPortal = E75ECDFF2DF088E100E1A579 /* Project object */;
			proxyType = 1;
			remoteGlobalIDString = E75ECE062DF088E100E1A579;
			remoteInfo = ifish;
		};
/* End PBXContainerItemProxy section */

/* Begin PBXFileReference section */
		4E639E742DF866860034E362 /* HouseModel.swift */ = {isa = PBXFileReference; lastKnownFileType = sourcecode.swift; path = HouseModel.swift; sourceTree = "<group>"; };
		4E639E822DF867DB0034E362 /* TaskModel.swift */ = {isa = PBXFileReference; lastKnownFileType = sourcecode.swift; path = TaskModel.swift; sourceTree = "<group>"; };
		4E639E842DF867EC0034E362 /* FinanceModel.swift */ = {isa = PBXFileReference; lastKnownFileType = sourcecode.swift; path = FinanceModel.swift; sourceTree = "<group>"; };
		4E639E862DF867F90034E362 /* UserModel.swift */ = {isa = PBXFileReference; lastKnownFileType = sourcecode.swift; path = UserModel.swift; sourceTree = "<group>"; };
		4E639E882DF868190034E362 /* MuralComunicationModal.swift */ = {isa = PBXFileReference; lastKnownFileType = sourcecode.swift; path = MuralComunicationModal.swift; sourceTree = "<group>"; };
		4E639E8A2DF8749F0034E362 /* .gitignore */ = {isa = PBXFileReference; lastKnownFileType = text; path = .gitignore; sourceTree = "<group>"; };
		E75ECE072DF088E100E1A579 /* ifish.app */ = {isa = PBXFileReference; explicitFileType = wrapper.application; includeInIndex = 0; path = ifish.app; sourceTree = BUILT_PRODUCTS_DIR; };
		E75ECE0A2DF088E100E1A579 /* ifishApp.swift */ = {isa = PBXFileReference; lastKnownFileType = sourcecode.swift; path = ifishApp.swift; sourceTree = "<group>"; };
		E75ECE0C2DF088E100E1A579 /* ContentView.swift */ = {isa = PBXFileReference; lastKnownFileType = sourcecode.swift; path = ContentView.swift; sourceTree = "<group>"; };
		E75ECE0E2DF088EB00E1A579 /* Assets.xcassets */ = {isa = PBXFileReference; lastKnownFileType = folder.assetcatalog; path = Assets.xcassets; sourceTree = "<group>"; };
		E75ECE112DF088EB00E1A579 /* Preview Assets.xcassets */ = {isa = PBXFileReference; lastKnownFileType = folder.assetcatalog; path = "Preview Assets.xcassets"; sourceTree = "<group>"; };
		E75ECE172DF088EB00E1A579 /* ifishTests.xctest */ = {isa = PBXFileReference; explicitFileType = wrapper.cfbundle; includeInIndex = 0; path = ifishTests.xctest; sourceTree = BUILT_PRODUCTS_DIR; };
		E75ECE1B2DF088EB00E1A579 /* ifishTests.swift */ = {isa = PBXFileReference; lastKnownFileType = sourcecode.swift; path = ifishTests.swift; sourceTree = "<group>"; };
		E75ECE212DF088EB00E1A579 /* ifishUITests.xctest */ = {isa = PBXFileReference; explicitFileType = wrapper.cfbundle; includeInIndex = 0; path = ifishUITests.xctest; sourceTree = BUILT_PRODUCTS_DIR; };
		E75ECE252DF088EB00E1A579 /* ifishUITests.swift */ = {isa = PBXFileReference; lastKnownFileType = sourcecode.swift; path = ifishUITests.swift; sourceTree = "<group>"; };
		E75ECE272DF088EC00E1A579 /* ifishUITestsLaunchTests.swift */ = {isa = PBXFileReference; lastKnownFileType = sourcecode.swift; path = ifishUITestsLaunchTests.swift; sourceTree = "<group>"; };
		E75ECE342DF08CC800E1A579 /* ifish.entitlements */ = {isa = PBXFileReference; lastKnownFileType = text.plist.entitlements; path = ifish.entitlements; sourceTree = "<group>"; };
		E75ECE362DF08D5900E1A579 /* CloudKit.framework */ = {isa = PBXFileReference; lastKnownFileType = wrapper.framework; name = CloudKit.framework; path = System/Library/Frameworks/CloudKit.framework; sourceTree = SDKROOT; };
		E75ECE382DF1B8F200E1A579 /* Info.plist */ = {isa = PBXFileReference; lastKnownFileType = text.plist.xml; path = Info.plist; sourceTree = "<group>"; };
		E75ECE462E00461800E1A579 /* HouseProfileViewModel.swift */ = {isa = PBXFileReference; lastKnownFileType = sourcecode.swift; name = HouseProfileViewModel.swift; path = ifish/ViewModels/HouseProfile/HouseProfileViewModel.swift; sourceTree = SOURCE_ROOT; };
		E75ECE482E004D6200E1A579 /* LoginView.swift */ = {isa = PBXFileReference; lastKnownFileType = sourcecode.swift; name = LoginView.swift; path = ifish/Views/HouseProfile/LoginView.swift; sourceTree = SOURCE_ROOT; };
		E75ECE4A2E004D9B00E1A579 /* EntrarOuCriarCasaView.swift */ = {isa = PBXFileReference; lastKnownFileType = sourcecode.swift; name = EntrarOuCriarCasaView.swift; path = ifish/Views/HouseProfile/EntrarOuCriarCasaView.swift; sourceTree = SOURCE_ROOT; };
		E75ECE4C2E004DB900E1A579 /* CriarCasaView.swift */ = {isa = PBXFileReference; lastKnownFileType = sourcecode.swift; name = CriarCasaView.swift; path = ifish/Views/HouseProfile/CriarCasaView.swift; sourceTree = SOURCE_ROOT; };
		E75ECE4E2E004DDF00E1A579 /* CasaCriadaView.swift */ = {isa = PBXFileReference; lastKnownFileType = sourcecode.swift; name = CasaCriadaView.swift; path = ifish/Views/HouseProfile/CasaCriadaView.swift; sourceTree = SOURCE_ROOT; };
		E75ECE502E004E0C00E1A579 /* EntrarCasaView.swift */ = {isa = PBXFileReference; lastKnownFileType = sourcecode.swift; name = EntrarCasaView.swift; path = ifish/Views/HouseProfile/EntrarCasaView.swift; sourceTree = SOURCE_ROOT; };
		E75ECE582E00616800E1A579 /* MuralViewModel.swift */ = {isa = PBXFileReference; lastKnownFileType = sourcecode.swift; path = MuralViewModel.swift; sourceTree = "<group>"; };
		E75ECE5B2E0061AC00E1A579 /* TasksViewModel.swift */ = {isa = PBXFileReference; lastKnownFileType = sourcecode.swift; path = TasksViewModel.swift; sourceTree = "<group>"; };
		E75ECE5E2E0061C300E1A579 /* FinancesViewModel.swift */ = {isa = PBXFileReference; lastKnownFileType = sourcecode.swift; path = FinancesViewModel.swift; sourceTree = "<group>"; };
		E75ECE612E0061F700E1A579 /* UserViewModel.swift */ = {isa = PBXFileReference; lastKnownFileType = sourcecode.swift; path = UserViewModel.swift; sourceTree = "<group>"; };
		E75ECE662E00629600E1A579 /* FinancesView.swift */ = {isa = PBXFileReference; lastKnownFileType = sourcecode.swift; path = FinancesView.swift; sourceTree = "<group>"; };
		E75ECE692E0062B000E1A579 /* MuralView.swift */ = {isa = PBXFileReference; lastKnownFileType = sourcecode.swift; path = MuralView.swift; sourceTree = "<group>"; };
		E75ECE6C2E0062C300E1A579 /* TasksView.swift */ = {isa = PBXFileReference; lastKnownFileType = sourcecode.swift; path = TasksView.swift; sourceTree = "<group>"; };
<<<<<<< HEAD
		E8F31F6F2E01AEEC009913A9 /* PerfilView.swift */ = {isa = PBXFileReference; lastKnownFileType = sourcecode.swift; path = PerfilView.swift; sourceTree = "<group>"; };
=======
		E75ECE6F2E0192E900E1A579 /* Extensions.swift */ = {isa = PBXFileReference; lastKnownFileType = sourcecode.swift; path = Extensions.swift; sourceTree = "<group>"; };
		E75ECE712E01972A00E1A579 /* MainAppView.swift */ = {isa = PBXFileReference; lastKnownFileType = sourcecode.swift; path = MainAppView.swift; sourceTree = "<group>"; };
		E75ECE732E01A8FF00E1A579 /* AppStartView.swift */ = {isa = PBXFileReference; lastKnownFileType = sourcecode.swift; path = AppStartView.swift; sourceTree = "<group>"; };
>>>>>>> master
/* End PBXFileReference section */

/* Begin PBXFrameworksBuildPhase section */
		E75ECE042DF088E100E1A579 /* Frameworks */ = {
			isa = PBXFrameworksBuildPhase;
			buildActionMask = 2147483647;
			files = (
				E75ECE372DF08D5900E1A579 /* CloudKit.framework in Frameworks */,
			);
			runOnlyForDeploymentPostprocessing = 0;
		};
		E75ECE142DF088EB00E1A579 /* Frameworks */ = {
			isa = PBXFrameworksBuildPhase;
			buildActionMask = 2147483647;
			files = (
			);
			runOnlyForDeploymentPostprocessing = 0;
		};
		E75ECE1E2DF088EB00E1A579 /* Frameworks */ = {
			isa = PBXFrameworksBuildPhase;
			buildActionMask = 2147483647;
			files = (
			);
			runOnlyForDeploymentPostprocessing = 0;
		};
/* End PBXFrameworksBuildPhase section */

/* Begin PBXGroup section */
		4E639E722DF8642F0034E362 /* Resources */ = {
			isa = PBXGroup;
			children = (
				E75ECE0E2DF088EB00E1A579 /* Assets.xcassets */,
			);
			path = Resources;
			sourceTree = "<group>";
		};
		4E639E732DF866610034E362 /* Models */ = {
			isa = PBXGroup;
			children = (
				4E639E742DF866860034E362 /* HouseModel.swift */,
				4E639E822DF867DB0034E362 /* TaskModel.swift */,
				4E639E842DF867EC0034E362 /* FinanceModel.swift */,
				4E639E862DF867F90034E362 /* UserModel.swift */,
				4E639E882DF868190034E362 /* MuralComunicationModal.swift */,
			);
			path = Models;
			sourceTree = "<group>";
		};
		4E639E782DF866D20034E362 /* Services */ = {
			isa = PBXGroup;
			children = (
			);
			path = Services;
			sourceTree = "<group>";
		};
		4E639E792DF866E70034E362 /* Utils */ = {
			isa = PBXGroup;
			children = (
				4E639E722DF8642F0034E362 /* Resources */,
				4E639E782DF866D20034E362 /* Services */,
				E75ECE6F2E0192E900E1A579 /* Extensions.swift */,
			);
			name = Utils;
			path = ../Utils;
			sourceTree = "<group>";
		};
		E75ECDFE2DF088E000E1A579 = {
			isa = PBXGroup;
			children = (
				4E639E8A2DF8749F0034E362 /* .gitignore */,
				E75ECE382DF1B8F200E1A579 /* Info.plist */,
				E75ECE092DF088E100E1A579 /* ifish */,
				E75ECE242DF088EB00E1A579 /* ifishUITests */,
				E75ECE082DF088E100E1A579 /* Products */,
				E75ECE352DF08D5900E1A579 /* Frameworks */,
			);
			sourceTree = "<group>";
		};
		E75ECE082DF088E100E1A579 /* Products */ = {
			isa = PBXGroup;
			children = (
				E75ECE072DF088E100E1A579 /* ifish.app */,
				E75ECE172DF088EB00E1A579 /* ifishTests.xctest */,
				E75ECE212DF088EB00E1A579 /* ifishUITests.xctest */,
			);
			name = Products;
			sourceTree = "<group>";
		};
		E75ECE092DF088E100E1A579 /* ifish */ = {
			isa = PBXGroup;
			children = (
				E75ECE632E00620F00E1A579 /* Views */,
				E75ECE552E005FAD00E1A579 /* ViewModels */,
				E75ECE342DF08CC800E1A579 /* ifish.entitlements */,
				4E639E732DF866610034E362 /* Models */,
				E75ECE0A2DF088E100E1A579 /* ifishApp.swift */,
				E75ECE0C2DF088E100E1A579 /* ContentView.swift */,
				E75ECE1A2DF088EB00E1A579 /* ifishTests */,
				4E639E792DF866E70034E362 /* Utils */,
				E75ECE102DF088EB00E1A579 /* Preview Content */,
			);
			path = ifish;
			sourceTree = "<group>";
		};
		E75ECE102DF088EB00E1A579 /* Preview Content */ = {
			isa = PBXGroup;
			children = (
				E75ECE112DF088EB00E1A579 /* Preview Assets.xcassets */,
			);
			path = "Preview Content";
			sourceTree = "<group>";
		};
		E75ECE1A2DF088EB00E1A579 /* ifishTests */ = {
			isa = PBXGroup;
			children = (
				E75ECE1B2DF088EB00E1A579 /* ifishTests.swift */,
			);
			path = ifishTests;
			sourceTree = "<group>";
		};
		E75ECE242DF088EB00E1A579 /* ifishUITests */ = {
			isa = PBXGroup;
			children = (
				E75ECE252DF088EB00E1A579 /* ifishUITests.swift */,
				E75ECE272DF088EC00E1A579 /* ifishUITestsLaunchTests.swift */,
			);
			path = ifishUITests;
			sourceTree = "<group>";
		};
		E75ECE352DF08D5900E1A579 /* Frameworks */ = {
			isa = PBXGroup;
			children = (
				E75ECE362DF08D5900E1A579 /* CloudKit.framework */,
			);
			name = Frameworks;
			sourceTree = "<group>";
		};
		E75ECE552E005FAD00E1A579 /* ViewModels */ = {
			isa = PBXGroup;
			children = (
				E75ECE602E0061E800E1A579 /* User */,
				E75ECE5D2E0061B100E1A579 /* Finances */,
				E75ECE5A2E00619200E1A579 /* Tasks */,
				E75ECE572E00614B00E1A579 /* Mural */,
				E75ECE562E005FCA00E1A579 /* HouseProfile */,
			);
			path = ViewModels;
			sourceTree = "<group>";
		};
		E75ECE562E005FCA00E1A579 /* HouseProfile */ = {
			isa = PBXGroup;
			children = (
				E75ECE462E00461800E1A579 /* HouseProfileViewModel.swift */,
			);
			path = HouseProfile;
			sourceTree = "<group>";
		};
		E75ECE572E00614B00E1A579 /* Mural */ = {
			isa = PBXGroup;
			children = (
				E75ECE582E00616800E1A579 /* MuralViewModel.swift */,
			);
			path = Mural;
			sourceTree = "<group>";
		};
		E75ECE5A2E00619200E1A579 /* Tasks */ = {
			isa = PBXGroup;
			children = (
				E75ECE5B2E0061AC00E1A579 /* TasksViewModel.swift */,
			);
			path = Tasks;
			sourceTree = "<group>";
		};
		E75ECE5D2E0061B100E1A579 /* Finances */ = {
			isa = PBXGroup;
			children = (
				E75ECE5E2E0061C300E1A579 /* FinancesViewModel.swift */,
			);
			path = Finances;
			sourceTree = "<group>";
		};
		E75ECE602E0061E800E1A579 /* User */ = {
			isa = PBXGroup;
			children = (
				E75ECE612E0061F700E1A579 /* UserViewModel.swift */,
			);
			path = User;
			sourceTree = "<group>";
		};
		E75ECE632E00620F00E1A579 /* Views */ = {
			isa = PBXGroup;
			children = (
				E75ECE6B2E0062B400E1A579 /* Tasks */,
				E75ECE682E0062A000E1A579 /* Mural */,
				E75ECE652E00626600E1A579 /* Finances */,
				E75ECE642E00622A00E1A579 /* HouseProfile */,
			);
			path = Views;
			sourceTree = "<group>";
		};
		E75ECE642E00622A00E1A579 /* HouseProfile */ = {
			isa = PBXGroup;
			children = (
				E75ECE4A2E004D9B00E1A579 /* EntrarOuCriarCasaView.swift */,
				E75ECE4E2E004DDF00E1A579 /* CasaCriadaView.swift */,
				E75ECE4C2E004DB900E1A579 /* CriarCasaView.swift */,
				E75ECE502E004E0C00E1A579 /* EntrarCasaView.swift */,
				E75ECE482E004D6200E1A579 /* LoginView.swift */,
<<<<<<< HEAD
				E8F31F6F2E01AEEC009913A9 /* PerfilView.swift */,
=======
				E75ECE712E01972A00E1A579 /* MainAppView.swift */,
				E75ECE732E01A8FF00E1A579 /* AppStartView.swift */,
>>>>>>> master
			);
			path = HouseProfile;
			sourceTree = "<group>";
		};
		E75ECE652E00626600E1A579 /* Finances */ = {
			isa = PBXGroup;
			children = (
				E75ECE662E00629600E1A579 /* FinancesView.swift */,
			);
			path = Finances;
			sourceTree = "<group>";
		};
		E75ECE682E0062A000E1A579 /* Mural */ = {
			isa = PBXGroup;
			children = (
				E75ECE692E0062B000E1A579 /* MuralView.swift */,
			);
			path = Mural;
			sourceTree = "<group>";
		};
		E75ECE6B2E0062B400E1A579 /* Tasks */ = {
			isa = PBXGroup;
			children = (
				E75ECE6C2E0062C300E1A579 /* TasksView.swift */,
			);
			path = Tasks;
			sourceTree = "<group>";
		};
/* End PBXGroup section */

/* Begin PBXNativeTarget section */
		E75ECE062DF088E100E1A579 /* ifish */ = {
			isa = PBXNativeTarget;
			buildConfigurationList = E75ECE2B2DF088EC00E1A579 /* Build configuration list for PBXNativeTarget "ifish" */;
			buildPhases = (
				E75ECE032DF088E100E1A579 /* Sources */,
				E75ECE042DF088E100E1A579 /* Frameworks */,
				E75ECE052DF088E100E1A579 /* Resources */,
			);
			buildRules = (
			);
			dependencies = (
			);
			name = ifish;
			productName = ifish;
			productReference = E75ECE072DF088E100E1A579 /* ifish.app */;
			productType = "com.apple.product-type.application";
		};
		E75ECE162DF088EB00E1A579 /* ifishTests */ = {
			isa = PBXNativeTarget;
			buildConfigurationList = E75ECE2E2DF088EC00E1A579 /* Build configuration list for PBXNativeTarget "ifishTests" */;
			buildPhases = (
				E75ECE132DF088EB00E1A579 /* Sources */,
				E75ECE142DF088EB00E1A579 /* Frameworks */,
				E75ECE152DF088EB00E1A579 /* Resources */,
			);
			buildRules = (
			);
			dependencies = (
				E75ECE192DF088EB00E1A579 /* PBXTargetDependency */,
			);
			name = ifishTests;
			productName = ifishTests;
			productReference = E75ECE172DF088EB00E1A579 /* ifishTests.xctest */;
			productType = "com.apple.product-type.bundle.unit-test";
		};
		E75ECE202DF088EB00E1A579 /* ifishUITests */ = {
			isa = PBXNativeTarget;
			buildConfigurationList = E75ECE312DF088EC00E1A579 /* Build configuration list for PBXNativeTarget "ifishUITests" */;
			buildPhases = (
				E75ECE1D2DF088EB00E1A579 /* Sources */,
				E75ECE1E2DF088EB00E1A579 /* Frameworks */,
				E75ECE1F2DF088EB00E1A579 /* Resources */,
			);
			buildRules = (
			);
			dependencies = (
				E75ECE232DF088EB00E1A579 /* PBXTargetDependency */,
			);
			name = ifishUITests;
			productName = ifishUITests;
			productReference = E75ECE212DF088EB00E1A579 /* ifishUITests.xctest */;
			productType = "com.apple.product-type.bundle.ui-testing";
		};
/* End PBXNativeTarget section */

/* Begin PBXProject section */
		E75ECDFF2DF088E100E1A579 /* Project object */ = {
			isa = PBXProject;
			attributes = {
				BuildIndependentTargetsInParallel = 1;
				LastSwiftUpdateCheck = 1320;
				LastUpgradeCheck = 1320;
				TargetAttributes = {
					E75ECE062DF088E100E1A579 = {
						CreatedOnToolsVersion = 13.2;
					};
					E75ECE162DF088EB00E1A579 = {
						CreatedOnToolsVersion = 13.2;
						TestTargetID = E75ECE062DF088E100E1A579;
					};
					E75ECE202DF088EB00E1A579 = {
						CreatedOnToolsVersion = 13.2;
						TestTargetID = E75ECE062DF088E100E1A579;
					};
				};
			};
			buildConfigurationList = E75ECE022DF088E100E1A579 /* Build configuration list for PBXProject "ifish" */;
			compatibilityVersion = "Xcode 13.0";
			developmentRegion = en;
			hasScannedForEncodings = 0;
			knownRegions = (
				en,
				Base,
			);
			mainGroup = E75ECDFE2DF088E000E1A579;
			productRefGroup = E75ECE082DF088E100E1A579 /* Products */;
			projectDirPath = "";
			projectRoot = "";
			targets = (
				E75ECE062DF088E100E1A579 /* ifish */,
				E75ECE162DF088EB00E1A579 /* ifishTests */,
				E75ECE202DF088EB00E1A579 /* ifishUITests */,
			);
		};
/* End PBXProject section */

/* Begin PBXResourcesBuildPhase section */
		E75ECE052DF088E100E1A579 /* Resources */ = {
			isa = PBXResourcesBuildPhase;
			buildActionMask = 2147483647;
			files = (
				E75ECE6E2E018A9A00E1A579 /* Preview Assets.xcassets in Resources */,
				4E639E8B2DF8749F0034E362 /* .gitignore in Resources */,
				E75ECE0F2DF088EB00E1A579 /* Assets.xcassets in Resources */,
			);
			runOnlyForDeploymentPostprocessing = 0;
		};
		E75ECE152DF088EB00E1A579 /* Resources */ = {
			isa = PBXResourcesBuildPhase;
			buildActionMask = 2147483647;
			files = (
			);
			runOnlyForDeploymentPostprocessing = 0;
		};
		E75ECE1F2DF088EB00E1A579 /* Resources */ = {
			isa = PBXResourcesBuildPhase;
			buildActionMask = 2147483647;
			files = (
			);
			runOnlyForDeploymentPostprocessing = 0;
		};
/* End PBXResourcesBuildPhase section */

/* Begin PBXSourcesBuildPhase section */
		E75ECE032DF088E100E1A579 /* Sources */ = {
			isa = PBXSourcesBuildPhase;
			buildActionMask = 2147483647;
			files = (
				E75ECE5F2E0061C300E1A579 /* FinancesViewModel.swift in Sources */,
				E8F31F702E01AEEC009913A9 /* PerfilView.swift in Sources */,
				4E639E832DF867DB0034E362 /* TaskModel.swift in Sources */,
				4E639E892DF868190034E362 /* MuralComunicationModal.swift in Sources */,
				E75ECE4D2E004DB900E1A579 /* CriarCasaView.swift in Sources */,
				E75ECE0D2DF088E100E1A579 /* ContentView.swift in Sources */,
				E75ECE722E01972A00E1A579 /* MainAppView.swift in Sources */,
				E75ECE492E004D6200E1A579 /* LoginView.swift in Sources */,
				E75ECE6A2E0062B000E1A579 /* MuralView.swift in Sources */,
				E75ECE4B2E004D9B00E1A579 /* EntrarOuCriarCasaView.swift in Sources */,
				E75ECE6D2E0062C300E1A579 /* TasksView.swift in Sources */,
				E75ECE622E0061F700E1A579 /* UserViewModel.swift in Sources */,
				E75ECE672E00629600E1A579 /* FinancesView.swift in Sources */,
				E75ECE4F2E004DDF00E1A579 /* CasaCriadaView.swift in Sources */,
				4E639E872DF867F90034E362 /* UserModel.swift in Sources */,
				E75ECE702E0192E900E1A579 /* Extensions.swift in Sources */,
				E75ECE512E004E0C00E1A579 /* EntrarCasaView.swift in Sources */,
				E75ECE592E00616800E1A579 /* MuralViewModel.swift in Sources */,
				4E639E852DF867EC0034E362 /* FinanceModel.swift in Sources */,
				4E639E752DF866860034E362 /* HouseModel.swift in Sources */,
				E75ECE0B2DF088E100E1A579 /* ifishApp.swift in Sources */,
				E75ECE5C2E0061AC00E1A579 /* TasksViewModel.swift in Sources */,
				E75ECE472E00461800E1A579 /* HouseProfileViewModel.swift in Sources */,
				E75ECE742E01A8FF00E1A579 /* AppStartView.swift in Sources */,
			);
			runOnlyForDeploymentPostprocessing = 0;
		};
		E75ECE132DF088EB00E1A579 /* Sources */ = {
			isa = PBXSourcesBuildPhase;
			buildActionMask = 2147483647;
			files = (
				E75ECE1C2DF088EB00E1A579 /* ifishTests.swift in Sources */,
			);
			runOnlyForDeploymentPostprocessing = 0;
		};
		E75ECE1D2DF088EB00E1A579 /* Sources */ = {
			isa = PBXSourcesBuildPhase;
			buildActionMask = 2147483647;
			files = (
				E75ECE282DF088EC00E1A579 /* ifishUITestsLaunchTests.swift in Sources */,
				E75ECE262DF088EB00E1A579 /* ifishUITests.swift in Sources */,
			);
			runOnlyForDeploymentPostprocessing = 0;
		};
/* End PBXSourcesBuildPhase section */

/* Begin PBXTargetDependency section */
		E75ECE192DF088EB00E1A579 /* PBXTargetDependency */ = {
			isa = PBXTargetDependency;
			target = E75ECE062DF088E100E1A579 /* ifish */;
			targetProxy = E75ECE182DF088EB00E1A579 /* PBXContainerItemProxy */;
		};
		E75ECE232DF088EB00E1A579 /* PBXTargetDependency */ = {
			isa = PBXTargetDependency;
			target = E75ECE062DF088E100E1A579 /* ifish */;
			targetProxy = E75ECE222DF088EB00E1A579 /* PBXContainerItemProxy */;
		};
/* End PBXTargetDependency section */

/* Begin XCBuildConfiguration section */
		E75ECE292DF088EC00E1A579 /* Debug */ = {
			isa = XCBuildConfiguration;
			buildSettings = {
				ALWAYS_SEARCH_USER_PATHS = NO;
				CLANG_ANALYZER_NONNULL = YES;
				CLANG_ANALYZER_NUMBER_OBJECT_CONVERSION = YES_AGGRESSIVE;
				CLANG_CXX_LANGUAGE_STANDARD = "gnu++17";
				CLANG_CXX_LIBRARY = "libc++";
				CLANG_ENABLE_MODULES = YES;
				CLANG_ENABLE_OBJC_ARC = YES;
				CLANG_ENABLE_OBJC_WEAK = YES;
				CLANG_WARN_BLOCK_CAPTURE_AUTORELEASING = YES;
				CLANG_WARN_BOOL_CONVERSION = YES;
				CLANG_WARN_COMMA = YES;
				CLANG_WARN_CONSTANT_CONVERSION = YES;
				CLANG_WARN_DEPRECATED_OBJC_IMPLEMENTATIONS = YES;
				CLANG_WARN_DIRECT_OBJC_ISA_USAGE = YES_ERROR;
				CLANG_WARN_DOCUMENTATION_COMMENTS = YES;
				CLANG_WARN_EMPTY_BODY = YES;
				CLANG_WARN_ENUM_CONVERSION = YES;
				CLANG_WARN_INFINITE_RECURSION = YES;
				CLANG_WARN_INT_CONVERSION = YES;
				CLANG_WARN_NON_LITERAL_NULL_CONVERSION = YES;
				CLANG_WARN_OBJC_IMPLICIT_RETAIN_SELF = YES;
				CLANG_WARN_OBJC_LITERAL_CONVERSION = YES;
				CLANG_WARN_OBJC_ROOT_CLASS = YES_ERROR;
				CLANG_WARN_QUOTED_INCLUDE_IN_FRAMEWORK_HEADER = YES;
				CLANG_WARN_RANGE_LOOP_ANALYSIS = YES;
				CLANG_WARN_STRICT_PROTOTYPES = YES;
				CLANG_WARN_SUSPICIOUS_MOVE = YES;
				CLANG_WARN_UNGUARDED_AVAILABILITY = YES_AGGRESSIVE;
				CLANG_WARN_UNREACHABLE_CODE = YES;
				CLANG_WARN__DUPLICATE_METHOD_MATCH = YES;
				COPY_PHASE_STRIP = NO;
				DEBUG_INFORMATION_FORMAT = dwarf;
				ENABLE_STRICT_OBJC_MSGSEND = YES;
				ENABLE_TESTABILITY = YES;
				GCC_C_LANGUAGE_STANDARD = gnu11;
				GCC_DYNAMIC_NO_PIC = NO;
				GCC_NO_COMMON_BLOCKS = YES;
				GCC_OPTIMIZATION_LEVEL = 0;
				GCC_PREPROCESSOR_DEFINITIONS = (
					"DEBUG=1",
					"$(inherited)",
				);
				GCC_WARN_64_TO_32_BIT_CONVERSION = YES;
				GCC_WARN_ABOUT_RETURN_TYPE = YES_ERROR;
				GCC_WARN_UNDECLARED_SELECTOR = YES;
				GCC_WARN_UNINITIALIZED_AUTOS = YES_AGGRESSIVE;
				GCC_WARN_UNUSED_FUNCTION = YES;
				GCC_WARN_UNUSED_VARIABLE = YES;
				IPHONEOS_DEPLOYMENT_TARGET = 15.2;
				MTL_ENABLE_DEBUG_INFO = INCLUDE_SOURCE;
				MTL_FAST_MATH = YES;
				ONLY_ACTIVE_ARCH = YES;
				SDKROOT = iphoneos;
				SWIFT_ACTIVE_COMPILATION_CONDITIONS = DEBUG;
				SWIFT_OPTIMIZATION_LEVEL = "-Onone";
			};
			name = Debug;
		};
		E75ECE2A2DF088EC00E1A579 /* Release */ = {
			isa = XCBuildConfiguration;
			buildSettings = {
				ALWAYS_SEARCH_USER_PATHS = NO;
				CLANG_ANALYZER_NONNULL = YES;
				CLANG_ANALYZER_NUMBER_OBJECT_CONVERSION = YES_AGGRESSIVE;
				CLANG_CXX_LANGUAGE_STANDARD = "gnu++17";
				CLANG_CXX_LIBRARY = "libc++";
				CLANG_ENABLE_MODULES = YES;
				CLANG_ENABLE_OBJC_ARC = YES;
				CLANG_ENABLE_OBJC_WEAK = YES;
				CLANG_WARN_BLOCK_CAPTURE_AUTORELEASING = YES;
				CLANG_WARN_BOOL_CONVERSION = YES;
				CLANG_WARN_COMMA = YES;
				CLANG_WARN_CONSTANT_CONVERSION = YES;
				CLANG_WARN_DEPRECATED_OBJC_IMPLEMENTATIONS = YES;
				CLANG_WARN_DIRECT_OBJC_ISA_USAGE = YES_ERROR;
				CLANG_WARN_DOCUMENTATION_COMMENTS = YES;
				CLANG_WARN_EMPTY_BODY = YES;
				CLANG_WARN_ENUM_CONVERSION = YES;
				CLANG_WARN_INFINITE_RECURSION = YES;
				CLANG_WARN_INT_CONVERSION = YES;
				CLANG_WARN_NON_LITERAL_NULL_CONVERSION = YES;
				CLANG_WARN_OBJC_IMPLICIT_RETAIN_SELF = YES;
				CLANG_WARN_OBJC_LITERAL_CONVERSION = YES;
				CLANG_WARN_OBJC_ROOT_CLASS = YES_ERROR;
				CLANG_WARN_QUOTED_INCLUDE_IN_FRAMEWORK_HEADER = YES;
				CLANG_WARN_RANGE_LOOP_ANALYSIS = YES;
				CLANG_WARN_STRICT_PROTOTYPES = YES;
				CLANG_WARN_SUSPICIOUS_MOVE = YES;
				CLANG_WARN_UNGUARDED_AVAILABILITY = YES_AGGRESSIVE;
				CLANG_WARN_UNREACHABLE_CODE = YES;
				CLANG_WARN__DUPLICATE_METHOD_MATCH = YES;
				COPY_PHASE_STRIP = NO;
				DEBUG_INFORMATION_FORMAT = "dwarf-with-dsym";
				ENABLE_NS_ASSERTIONS = NO;
				ENABLE_STRICT_OBJC_MSGSEND = YES;
				GCC_C_LANGUAGE_STANDARD = gnu11;
				GCC_NO_COMMON_BLOCKS = YES;
				GCC_WARN_64_TO_32_BIT_CONVERSION = YES;
				GCC_WARN_ABOUT_RETURN_TYPE = YES_ERROR;
				GCC_WARN_UNDECLARED_SELECTOR = YES;
				GCC_WARN_UNINITIALIZED_AUTOS = YES_AGGRESSIVE;
				GCC_WARN_UNUSED_FUNCTION = YES;
				GCC_WARN_UNUSED_VARIABLE = YES;
				IPHONEOS_DEPLOYMENT_TARGET = 15.2;
				MTL_ENABLE_DEBUG_INFO = NO;
				MTL_FAST_MATH = YES;
				SDKROOT = iphoneos;
				SWIFT_COMPILATION_MODE = wholemodule;
				SWIFT_OPTIMIZATION_LEVEL = "-O";
				VALIDATE_PRODUCT = YES;
			};
			name = Release;
		};
		E75ECE2C2DF088EC00E1A579 /* Debug */ = {
			isa = XCBuildConfiguration;
			buildSettings = {
				ASSETCATALOG_COMPILER_APPICON_NAME = AppIcon;
				ASSETCATALOG_COMPILER_GLOBAL_ACCENT_COLOR_NAME = AccentColor;
				CODE_SIGN_ENTITLEMENTS = ifish/ifish.entitlements;
				CODE_SIGN_STYLE = Automatic;
				CURRENT_PROJECT_VERSION = 1;
				DEVELOPMENT_ASSET_PATHS = "\"ifish/Preview Content\"";
				DEVELOPMENT_TEAM = 7JULNSTCHT;
				ENABLE_PREVIEWS = YES;
				GENERATE_INFOPLIST_FILE = YES;
				INFOPLIST_KEY_UIApplicationSceneManifest_Generation = YES;
				INFOPLIST_KEY_UIApplicationSupportsIndirectInputEvents = YES;
				INFOPLIST_KEY_UILaunchScreen_Generation = YES;
				INFOPLIST_KEY_UISupportedInterfaceOrientations_iPad = "UIInterfaceOrientationPortrait UIInterfaceOrientationPortraitUpsideDown UIInterfaceOrientationLandscapeLeft UIInterfaceOrientationLandscapeRight";
				INFOPLIST_KEY_UISupportedInterfaceOrientations_iPhone = "UIInterfaceOrientationPortrait UIInterfaceOrientationLandscapeLeft UIInterfaceOrientationLandscapeRight";
				LD_RUNPATH_SEARCH_PATHS = (
					"$(inherited)",
					"@executable_path/Frameworks",
				);
				MARKETING_VERSION = 1.0;
				PRODUCT_BUNDLE_IDENTIFIER = Gardinidev.ifish;
				PRODUCT_NAME = "$(TARGET_NAME)";
				SWIFT_EMIT_LOC_STRINGS = YES;
				SWIFT_VERSION = 5.0;
				TARGETED_DEVICE_FAMILY = "1,2";
			};
			name = Debug;
		};
		E75ECE2D2DF088EC00E1A579 /* Release */ = {
			isa = XCBuildConfiguration;
			buildSettings = {
				ASSETCATALOG_COMPILER_APPICON_NAME = AppIcon;
				ASSETCATALOG_COMPILER_GLOBAL_ACCENT_COLOR_NAME = AccentColor;
				CODE_SIGN_ENTITLEMENTS = ifish/ifish.entitlements;
				CODE_SIGN_STYLE = Automatic;
				CURRENT_PROJECT_VERSION = 1;
				DEVELOPMENT_ASSET_PATHS = "\"ifish/Preview Content\"";
				DEVELOPMENT_TEAM = 7JULNSTCHT;
				ENABLE_PREVIEWS = YES;
				GENERATE_INFOPLIST_FILE = YES;
				INFOPLIST_KEY_UIApplicationSceneManifest_Generation = YES;
				INFOPLIST_KEY_UIApplicationSupportsIndirectInputEvents = YES;
				INFOPLIST_KEY_UILaunchScreen_Generation = YES;
				INFOPLIST_KEY_UISupportedInterfaceOrientations_iPad = "UIInterfaceOrientationPortrait UIInterfaceOrientationPortraitUpsideDown UIInterfaceOrientationLandscapeLeft UIInterfaceOrientationLandscapeRight";
				INFOPLIST_KEY_UISupportedInterfaceOrientations_iPhone = "UIInterfaceOrientationPortrait UIInterfaceOrientationLandscapeLeft UIInterfaceOrientationLandscapeRight";
				LD_RUNPATH_SEARCH_PATHS = (
					"$(inherited)",
					"@executable_path/Frameworks",
				);
				MARKETING_VERSION = 1.0;
				PRODUCT_BUNDLE_IDENTIFIER = Gardinidev.ifish;
				PRODUCT_NAME = "$(TARGET_NAME)";
				SWIFT_EMIT_LOC_STRINGS = YES;
				SWIFT_VERSION = 5.0;
				TARGETED_DEVICE_FAMILY = "1,2";
			};
			name = Release;
		};
		E75ECE2F2DF088EC00E1A579 /* Debug */ = {
			isa = XCBuildConfiguration;
			buildSettings = {
				ALWAYS_EMBED_SWIFT_STANDARD_LIBRARIES = YES;
				BUNDLE_LOADER = "$(TEST_HOST)";
				CODE_SIGN_STYLE = Automatic;
				CURRENT_PROJECT_VERSION = 1;
				GENERATE_INFOPLIST_FILE = YES;
				IPHONEOS_DEPLOYMENT_TARGET = 15.2;
				MARKETING_VERSION = 1.0;
				PRODUCT_BUNDLE_IDENTIFIER = Gardinidev.ifishTests;
				PRODUCT_NAME = "$(TARGET_NAME)";
				SWIFT_EMIT_LOC_STRINGS = NO;
				SWIFT_VERSION = 5.0;
				TARGETED_DEVICE_FAMILY = "1,2";
				TEST_HOST = "$(BUILT_PRODUCTS_DIR)/ifish.app/ifish";
			};
			name = Debug;
		};
		E75ECE302DF088EC00E1A579 /* Release */ = {
			isa = XCBuildConfiguration;
			buildSettings = {
				ALWAYS_EMBED_SWIFT_STANDARD_LIBRARIES = YES;
				BUNDLE_LOADER = "$(TEST_HOST)";
				CODE_SIGN_STYLE = Automatic;
				CURRENT_PROJECT_VERSION = 1;
				GENERATE_INFOPLIST_FILE = YES;
				IPHONEOS_DEPLOYMENT_TARGET = 15.2;
				MARKETING_VERSION = 1.0;
				PRODUCT_BUNDLE_IDENTIFIER = Gardinidev.ifishTests;
				PRODUCT_NAME = "$(TARGET_NAME)";
				SWIFT_EMIT_LOC_STRINGS = NO;
				SWIFT_VERSION = 5.0;
				TARGETED_DEVICE_FAMILY = "1,2";
				TEST_HOST = "$(BUILT_PRODUCTS_DIR)/ifish.app/ifish";
			};
			name = Release;
		};
		E75ECE322DF088EC00E1A579 /* Debug */ = {
			isa = XCBuildConfiguration;
			buildSettings = {
				ALWAYS_EMBED_SWIFT_STANDARD_LIBRARIES = YES;
				CODE_SIGN_STYLE = Automatic;
				CURRENT_PROJECT_VERSION = 1;
				GENERATE_INFOPLIST_FILE = YES;
				MARKETING_VERSION = 1.0;
				PRODUCT_BUNDLE_IDENTIFIER = Gardinidev.ifishUITests;
				PRODUCT_NAME = "$(TARGET_NAME)";
				SWIFT_EMIT_LOC_STRINGS = NO;
				SWIFT_VERSION = 5.0;
				TARGETED_DEVICE_FAMILY = "1,2";
				TEST_TARGET_NAME = ifish;
			};
			name = Debug;
		};
		E75ECE332DF088EC00E1A579 /* Release */ = {
			isa = XCBuildConfiguration;
			buildSettings = {
				ALWAYS_EMBED_SWIFT_STANDARD_LIBRARIES = YES;
				CODE_SIGN_STYLE = Automatic;
				CURRENT_PROJECT_VERSION = 1;
				GENERATE_INFOPLIST_FILE = YES;
				MARKETING_VERSION = 1.0;
				PRODUCT_BUNDLE_IDENTIFIER = Gardinidev.ifishUITests;
				PRODUCT_NAME = "$(TARGET_NAME)";
				SWIFT_EMIT_LOC_STRINGS = NO;
				SWIFT_VERSION = 5.0;
				TARGETED_DEVICE_FAMILY = "1,2";
				TEST_TARGET_NAME = ifish;
			};
			name = Release;
		};
/* End XCBuildConfiguration section */

/* Begin XCConfigurationList section */
		E75ECE022DF088E100E1A579 /* Build configuration list for PBXProject "ifish" */ = {
			isa = XCConfigurationList;
			buildConfigurations = (
				E75ECE292DF088EC00E1A579 /* Debug */,
				E75ECE2A2DF088EC00E1A579 /* Release */,
			);
			defaultConfigurationIsVisible = 0;
			defaultConfigurationName = Release;
		};
		E75ECE2B2DF088EC00E1A579 /* Build configuration list for PBXNativeTarget "ifish" */ = {
			isa = XCConfigurationList;
			buildConfigurations = (
				E75ECE2C2DF088EC00E1A579 /* Debug */,
				E75ECE2D2DF088EC00E1A579 /* Release */,
			);
			defaultConfigurationIsVisible = 0;
			defaultConfigurationName = Release;
		};
		E75ECE2E2DF088EC00E1A579 /* Build configuration list for PBXNativeTarget "ifishTests" */ = {
			isa = XCConfigurationList;
			buildConfigurations = (
				E75ECE2F2DF088EC00E1A579 /* Debug */,
				E75ECE302DF088EC00E1A579 /* Release */,
			);
			defaultConfigurationIsVisible = 0;
			defaultConfigurationName = Release;
		};
		E75ECE312DF088EC00E1A579 /* Build configuration list for PBXNativeTarget "ifishUITests" */ = {
			isa = XCConfigurationList;
			buildConfigurations = (
				E75ECE322DF088EC00E1A579 /* Debug */,
				E75ECE332DF088EC00E1A579 /* Release */,
			);
			defaultConfigurationIsVisible = 0;
			defaultConfigurationName = Release;
		};
/* End XCConfigurationList section */
	};
	rootObject = E75ECDFF2DF088E100E1A579 /* Project object */;
}
